
Microsoft Visual Studio Solution File, Format Version 12.00
# Visual Studio Version 17
VisualStudioVersion = 17.7.34202.233
MinimumVisualStudioVersion = 10.0.40219.1
Project("{FAE04EC0-301F-11D3-BF4B-00C04F79EFBC}") = "GameMarket", "GameMarket\GameMarket.csproj", "{31146E08-ACA3-47C8-8A16-243930595DCB}"
EndProject
Global
	GlobalSection(SolutionConfigurationPlatforms) = preSolution
		Debug|Any CPU = Debug|Any CPU
		Release|Any CPU = Release|Any CPU
	EndGlobalSection
	GlobalSection(ProjectConfigurationPlatforms) = postSolution
		{31146E08-ACA3-47C8-8A16-243930595DCB}.Debug|Any CPU.ActiveCfg = Debug|Any CPU
		{31146E08-ACA3-47C8-8A16-243930595DCB}.Debug|Any CPU.Build.0 = Debug|Any CPU
		{31146E08-ACA3-47C8-8A16-243930595DCB}.Release|Any CPU.ActiveCfg = Release|Any CPU
		{31146E08-ACA3-47C8-8A16-243930595DCB}.Release|Any CPU.Build.0 = Release|Any CPU
	EndGlobalSection
	GlobalSection(SolutionProperties) = preSolution
		HideSolutionNode = FALSE
	EndGlobalSection
	GlobalSection(ExtensibilityGlobals) = postSolution
		SolutionGuid = {B8B4726C-7E3E-402A-B550-8FB328FD7402}
	EndGlobalSection
EndGlobal
